
Microsoft Visual Studio Solution File, Format Version 12.00
# Visual Studio Version 17
VisualStudioVersion = 17.3.32901.215
MinimumVisualStudioVersion = 10.0.40219.1
Project("{FAE04EC0-301F-11D3-BF4B-00C04F79EFBC}") = "pdc", "pdc.csproj", "{EE443799-DD48-4E7E-8A29-FE42624F44A3}"
EndProject
Global
	GlobalSection(SolutionConfigurationPlatforms) = preSolution
		Debug|Any CPU = Debug|Any CPU
		Release|Any CPU = Release|Any CPU
	EndGlobalSection
	GlobalSection(ProjectConfigurationPlatforms) = postSolution
		{EE443799-DD48-4E7E-8A29-FE42624F44A3}.Debug|Any CPU.ActiveCfg = Debug|Any CPU
		{EE443799-DD48-4E7E-8A29-FE42624F44A3}.Debug|Any CPU.Build.0 = Debug|Any CPU
		{EE443799-DD48-4E7E-8A29-FE42624F44A3}.Release|Any CPU.ActiveCfg = Release|Any CPU
		{EE443799-DD48-4E7E-8A29-FE42624F44A3}.Release|Any CPU.Build.0 = Release|Any CPU
	EndGlobalSection
	GlobalSection(SolutionProperties) = preSolution
		HideSolutionNode = FALSE
	EndGlobalSection
	GlobalSection(ExtensibilityGlobals) = postSolution
		SolutionGuid = {376272EE-08B6-436C-83E8-88BE8BBC1DBD}
	EndGlobalSection
EndGlobal
